
Microsoft Visual Studio Solution File, Format Version 12.00
# Visual Studio Version 16
VisualStudioVersion = 16.0.31005.135
MinimumVisualStudioVersion = 10.0.40219.1
Project("{9A19103F-16F7-4668-BE54-9A1E7A4F7556}") = "MyDictionaryDemo", "MyDictionary\MyDictionaryDemo.csproj", "{35E56DF1-F7EE-4A5F-9688-F799FBA0AD7D}"
EndProject
Project("{9A19103F-16F7-4668-BE54-9A1E7A4F7556}") = "OOP1", "..\OOP1\OOP1\OOP1.csproj", "{647340C4-627B-4B1F-B49B-18492EF1A618}"
EndProject
Project("{9A19103F-16F7-4668-BE54-9A1E7A4F7556}") = "Koleksiyonlar", "..\OOP1\Koleksiyonlar\Koleksiyonlar.csproj", "{B3DF2A0E-B7E1-4BCE-AA6F-2C471A826962}"
EndProject
Project("{9A19103F-16F7-4668-BE54-9A1E7A4F7556}") = "Constructors", "..\OOP1\Constructors\Constructors.csproj", "{971FDDDA-069C-4A60-8D1A-EC2816D9AC74}"
EndProject
Project("{9A19103F-16F7-4668-BE54-9A1E7A4F7556}") = "Generics", "..\OOP1\Generics\Generics.csproj", "{06E0E938-DB60-482B-9536-4D69F0725BD7}"
EndProject
Project("{9A19103F-16F7-4668-BE54-9A1E7A4F7556}") = "GenericsIntro", "..\OOP1\GenericsIntro\GenericsIntro.csproj", "{D50A2124-5A28-410A-B3D1-E9E1AEDD66DD}"
EndProject
Project("{9A19103F-16F7-4668-BE54-9A1E7A4F7556}") = "ClassIntro", "..\ClassIntro\ClassIntro\ClassIntro.csproj", "{D9685975-D9BF-490D-B87F-36D543CDBAE6}"
EndProject
Project("{9A19103F-16F7-4668-BE54-9A1E7A4F7556}") = "ClassIntro_deneme", "..\ClassIntro\ClassIntro_deneme\ClassIntro_deneme.csproj", "{D7DA1517-1045-4802-901F-58BF87D073D2}"
EndProject
Project("{9A19103F-16F7-4668-BE54-9A1E7A4F7556}") = "ConsoleApp1", "..\ConsoleApp1\ConsoleApp1\ConsoleApp1.csproj", "{19387807-B493-408E-A869-8A9B79C1D0F0}"
EndProject
Project("{9A19103F-16F7-4668-BE54-9A1E7A4F7556}") = "Donguler", "..\ConsoleApp1\Donguler\Donguler.csproj", "{A3090AB5-67F4-4A2F-9400-2F83616E67E4}"
EndProject
Project("{9A19103F-16F7-4668-BE54-9A1E7A4F7556}") = "ConsoleApp2", "..\ConsoleApp2\ConsoleApp2\ConsoleApp2.csproj", "{E2B9E985-1530-40E6-8C0C-6B25AA312AEF}"
EndProject
Project("{778DAE3C-4631-46EA-AA77-85C1314464D9}") = "kampgiris", "..\kampgiris\kampgiris\kampgiris.vbproj", "{2E997A62-F236-4B3C-9A1E-4665560133E9}"
EndProject
Project("{9A19103F-16F7-4668-BE54-9A1E7A4F7556}") = "DegerVeReferansTipler", "..\Metotlar\DegerVeReferansTipler\DegerVeReferansTipler.csproj", "{7DF97CC3-D058-44C0-9CD1-C84207E0FD3D}"
EndProject
Project("{9A19103F-16F7-4668-BE54-9A1E7A4F7556}") = "Matematik", "..\Metotlar\Matematik\Matematik.csproj", "{56F777C9-172A-417D-AECE-E2EDE19211EE}"
EndProject
Project("{9A19103F-16F7-4668-BE54-9A1E7A4F7556}") = "Metotlar", "..\Metotlar\Metotlar\Metotlar.csproj", "{11E8A24F-2718-4D25-B601-439F3EE43C77}"
EndProject
Project("{9A19103F-16F7-4668-BE54-9A1E7A4F7556}") = "OOP2", "OOP2\OOP2.csproj", "{1CCF4ED0-0EE9-465E-AB90-FC1184736FF4}"
EndProject
Global
	GlobalSection(SolutionConfigurationPlatforms) = preSolution
		Debug|Any CPU = Debug|Any CPU
		Release|Any CPU = Release|Any CPU
	EndGlobalSection
	GlobalSection(ProjectConfigurationPlatforms) = postSolution
		{35E56DF1-F7EE-4A5F-9688-F799FBA0AD7D}.Debug|Any CPU.ActiveCfg = Debug|Any CPU
		{35E56DF1-F7EE-4A5F-9688-F799FBA0AD7D}.Debug|Any CPU.Build.0 = Debug|Any CPU
		{35E56DF1-F7EE-4A5F-9688-F799FBA0AD7D}.Release|Any CPU.ActiveCfg = Release|Any CPU
		{35E56DF1-F7EE-4A5F-9688-F799FBA0AD7D}.Release|Any CPU.Build.0 = Release|Any CPU
		{647340C4-627B-4B1F-B49B-18492EF1A618}.Debug|Any CPU.ActiveCfg = Debug|Any CPU
		{647340C4-627B-4B1F-B49B-18492EF1A618}.Debug|Any CPU.Build.0 = Debug|Any CPU
		{647340C4-627B-4B1F-B49B-18492EF1A618}.Release|Any CPU.ActiveCfg = Release|Any CPU
		{647340C4-627B-4B1F-B49B-18492EF1A618}.Release|Any CPU.Build.0 = Release|Any CPU
		{B3DF2A0E-B7E1-4BCE-AA6F-2C471A826962}.Debug|Any CPU.ActiveCfg = Debug|Any CPU
		{B3DF2A0E-B7E1-4BCE-AA6F-2C471A826962}.Debug|Any CPU.Build.0 = Debug|Any CPU
		{B3DF2A0E-B7E1-4BCE-AA6F-2C471A826962}.Release|Any CPU.ActiveCfg = Release|Any CPU
		{B3DF2A0E-B7E1-4BCE-AA6F-2C471A826962}.Release|Any CPU.Build.0 = Release|Any CPU
		{971FDDDA-069C-4A60-8D1A-EC2816D9AC74}.Debug|Any CPU.ActiveCfg = Debug|Any CPU
		{971FDDDA-069C-4A60-8D1A-EC2816D9AC74}.Debug|Any CPU.Build.0 = Debug|Any CPU
		{971FDDDA-069C-4A60-8D1A-EC2816D9AC74}.Release|Any CPU.ActiveCfg = Release|Any CPU
		{971FDDDA-069C-4A60-8D1A-EC2816D9AC74}.Release|Any CPU.Build.0 = Release|Any CPU
		{06E0E938-DB60-482B-9536-4D69F0725BD7}.Debug|Any CPU.ActiveCfg = Debug|Any CPU
		{06E0E938-DB60-482B-9536-4D69F0725BD7}.Debug|Any CPU.Build.0 = Debug|Any CPU
		{06E0E938-DB60-482B-9536-4D69F0725BD7}.Release|Any CPU.ActiveCfg = Release|Any CPU
		{06E0E938-DB60-482B-9536-4D69F0725BD7}.Release|Any CPU.Build.0 = Release|Any CPU
		{D50A2124-5A28-410A-B3D1-E9E1AEDD66DD}.Debug|Any CPU.ActiveCfg = Debug|Any CPU
		{D50A2124-5A28-410A-B3D1-E9E1AEDD66DD}.Debug|Any CPU.Build.0 = Debug|Any CPU
		{D50A2124-5A28-410A-B3D1-E9E1AEDD66DD}.Release|Any CPU.ActiveCfg = Release|Any CPU
		{D50A2124-5A28-410A-B3D1-E9E1AEDD66DD}.Release|Any CPU.Build.0 = Release|Any CPU
		{D9685975-D9BF-490D-B87F-36D543CDBAE6}.Debug|Any CPU.ActiveCfg = Debug|Any CPU
		{D9685975-D9BF-490D-B87F-36D543CDBAE6}.Debug|Any CPU.Build.0 = Debug|Any CPU
		{D9685975-D9BF-490D-B87F-36D543CDBAE6}.Release|Any CPU.ActiveCfg = Release|Any CPU
		{D9685975-D9BF-490D-B87F-36D543CDBAE6}.Release|Any CPU.Build.0 = Release|Any CPU
		{D7DA1517-1045-4802-901F-58BF87D073D2}.Debug|Any CPU.ActiveCfg = Debug|Any CPU
		{D7DA1517-1045-4802-901F-58BF87D073D2}.Debug|Any CPU.Build.0 = Debug|Any CPU
		{D7DA1517-1045-4802-901F-58BF87D073D2}.Release|Any CPU.ActiveCfg = Release|Any CPU
		{D7DA1517-1045-4802-901F-58BF87D073D2}.Release|Any CPU.Build.0 = Release|Any CPU
		{19387807-B493-408E-A869-8A9B79C1D0F0}.Debug|Any CPU.ActiveCfg = Debug|Any CPU
		{19387807-B493-408E-A869-8A9B79C1D0F0}.Debug|Any CPU.Build.0 = Debug|Any CPU
		{19387807-B493-408E-A869-8A9B79C1D0F0}.Release|Any CPU.ActiveCfg = Release|Any CPU
		{19387807-B493-408E-A869-8A9B79C1D0F0}.Release|Any CPU.Build.0 = Release|Any CPU
		{A3090AB5-67F4-4A2F-9400-2F83616E67E4}.Debug|Any CPU.ActiveCfg = Debug|Any CPU
		{A3090AB5-67F4-4A2F-9400-2F83616E67E4}.Debug|Any CPU.Build.0 = Debug|Any CPU
		{A3090AB5-67F4-4A2F-9400-2F83616E67E4}.Release|Any CPU.ActiveCfg = Release|Any CPU
		{A3090AB5-67F4-4A2F-9400-2F83616E67E4}.Release|Any CPU.Build.0 = Release|Any CPU
		{E2B9E985-1530-40E6-8C0C-6B25AA312AEF}.Debug|Any CPU.ActiveCfg = Debug|Any CPU
		{E2B9E985-1530-40E6-8C0C-6B25AA312AEF}.Debug|Any CPU.Build.0 = Debug|Any CPU
		{E2B9E985-1530-40E6-8C0C-6B25AA312AEF}.Release|Any CPU.ActiveCfg = Release|Any CPU
		{E2B9E985-1530-40E6-8C0C-6B25AA312AEF}.Release|Any CPU.Build.0 = Release|Any CPU
		{2E997A62-F236-4B3C-9A1E-4665560133E9}.Debug|Any CPU.ActiveCfg = Debug|Any CPU
		{2E997A62-F236-4B3C-9A1E-4665560133E9}.Debug|Any CPU.Build.0 = Debug|Any CPU
		{2E997A62-F236-4B3C-9A1E-4665560133E9}.Release|Any CPU.ActiveCfg = Release|Any CPU
		{2E997A62-F236-4B3C-9A1E-4665560133E9}.Release|Any CPU.Build.0 = Release|Any CPU
		{7DF97CC3-D058-44C0-9CD1-C84207E0FD3D}.Debug|Any CPU.ActiveCfg = Debug|Any CPU
		{7DF97CC3-D058-44C0-9CD1-C84207E0FD3D}.Debug|Any CPU.Build.0 = Debug|Any CPU
		{7DF97CC3-D058-44C0-9CD1-C84207E0FD3D}.Release|Any CPU.ActiveCfg = Release|Any CPU
		{7DF97CC3-D058-44C0-9CD1-C84207E0FD3D}.Release|Any CPU.Build.0 = Release|Any CPU
		{56F777C9-172A-417D-AECE-E2EDE19211EE}.Debug|Any CPU.ActiveCfg = Debug|Any CPU
		{56F777C9-172A-417D-AECE-E2EDE19211EE}.Debug|Any CPU.Build.0 = Debug|Any CPU
		{56F777C9-172A-417D-AECE-E2EDE19211EE}.Release|Any CPU.ActiveCfg = Release|Any CPU
		{56F777C9-172A-417D-AECE-E2EDE19211EE}.Release|Any CPU.Build.0 = Release|Any CPU
		{11E8A24F-2718-4D25-B601-439F3EE43C77}.Debug|Any CPU.ActiveCfg = Debug|Any CPU
		{11E8A24F-2718-4D25-B601-439F3EE43C77}.Debug|Any CPU.Build.0 = Debug|Any CPU
		{11E8A24F-2718-4D25-B601-439F3EE43C77}.Release|Any CPU.ActiveCfg = Release|Any CPU
		{11E8A24F-2718-4D25-B601-439F3EE43C77}.Release|Any CPU.Build.0 = Release|Any CPU
		{1CCF4ED0-0EE9-465E-AB90-FC1184736FF4}.Debug|Any CPU.ActiveCfg = Debug|Any CPU
		{1CCF4ED0-0EE9-465E-AB90-FC1184736FF4}.Debug|Any CPU.Build.0 = Debug|Any CPU
		{1CCF4ED0-0EE9-465E-AB90-FC1184736FF4}.Release|Any CPU.ActiveCfg = Release|Any CPU
		{1CCF4ED0-0EE9-465E-AB90-FC1184736FF4}.Release|Any CPU.Build.0 = Release|Any CPU
	EndGlobalSection
	GlobalSection(SolutionProperties) = preSolution
		HideSolutionNode = FALSE
	EndGlobalSection
	GlobalSection(ExtensibilityGlobals) = postSolution
		SolutionGuid = {8FF364E3-2930-4D35-8271-7FD577570B89}
	EndGlobalSection
EndGlobal
